// !$*UTF8*$!
{
	archiveVersion = 1;
	classes = {
	};
	objectVersion = 55;
	objects = {

/* Begin PBXBuildFile section */
		8A248C44283D4FFF00641A82 /* LibraryApp.swift in Sources */ = {isa = PBXBuildFile; fileRef = 8A248C43283D4FFF00641A82 /* LibraryApp.swift */; };
		8A248C46283D4FFF00641A82 /* ContentView.swift in Sources */ = {isa = PBXBuildFile; fileRef = 8A248C45283D4FFF00641A82 /* ContentView.swift */; };
		8A248C48283D500100641A82 /* Assets.xcassets in Resources */ = {isa = PBXBuildFile; fileRef = 8A248C47283D500100641A82 /* Assets.xcassets */; };
		8A248C4B283D500100641A82 /* Preview Assets.xcassets in Resources */ = {isa = PBXBuildFile; fileRef = 8A248C4A283D500100641A82 /* Preview Assets.xcassets */; };
		8A248C59283D510400641A82 /* Data.json in Resources */ = {isa = PBXBuildFile; fileRef = 8A248C58283D510400641A82 /* Data.json */; };
		8A248C65283D516E00641A82 /* Books.swift in Sources */ = {isa = PBXBuildFile; fileRef = 8A248C64283D516E00641A82 /* Books.swift */; };
		8A36614828401D0000CC5557 /* BooksModel.swift in Sources */ = {isa = PBXBuildFile; fileRef = 8A36614728401D0000CC5557 /* BooksModel.swift */; };
		8A36614E28401EB900CC5557 /* BookDetail.swift in Sources */ = {isa = PBXBuildFile; fileRef = 8A36614D28401EB900CC5557 /* BookDetail.swift */; };
		8A36615028401EC900CC5557 /* Reader.swift in Sources */ = {isa = PBXBuildFile; fileRef = 8A36614F28401EC800CC5557 /* Reader.swift */; };
		8A4A756B2842731500999DD2 /* BookCover.swift in Sources */ = {isa = PBXBuildFile; fileRef = 8A4A756A2842731500999DD2 /* BookCover.swift */; };
		8A60802F2840196B00F230F5 /* DataService.swift in Sources */ = {isa = PBXBuildFile; fileRef = 8A60802E2840196B00F230F5 /* DataService.swift */; };
/* End PBXBuildFile section */

/* Begin PBXFileReference section */
		8A248C40283D4FFF00641A82 /* Library.app */ = {isa = PBXFileReference; explicitFileType = wrapper.application; includeInIndex = 0; path = Library.app; sourceTree = BUILT_PRODUCTS_DIR; };
		8A248C43283D4FFF00641A82 /* LibraryApp.swift */ = {isa = PBXFileReference; lastKnownFileType = sourcecode.swift; path = LibraryApp.swift; sourceTree = "<group>"; };
		8A248C45283D4FFF00641A82 /* ContentView.swift */ = {isa = PBXFileReference; lastKnownFileType = sourcecode.swift; path = ContentView.swift; sourceTree = "<group>"; };
		8A248C47283D500100641A82 /* Assets.xcassets */ = {isa = PBXFileReference; lastKnownFileType = folder.assetcatalog; path = Assets.xcassets; sourceTree = "<group>"; };
		8A248C4A283D500100641A82 /* Preview Assets.xcassets */ = {isa = PBXFileReference; lastKnownFileType = folder.assetcatalog; path = "Preview Assets.xcassets"; sourceTree = "<group>"; };
		8A248C58283D510400641A82 /* Data.json */ = {isa = PBXFileReference; fileEncoding = 4; lastKnownFileType = text.json; path = Data.json; sourceTree = "<group>"; };
		8A248C64283D516E00641A82 /* Books.swift */ = {isa = PBXFileReference; lastKnownFileType = sourcecode.swift; path = Books.swift; sourceTree = "<group>"; };
		8A36614728401D0000CC5557 /* BooksModel.swift */ = {isa = PBXFileReference; lastKnownFileType = sourcecode.swift; path = BooksModel.swift; sourceTree = "<group>"; };
		8A36614D28401EB900CC5557 /* BookDetail.swift */ = {isa = PBXFileReference; lastKnownFileType = sourcecode.swift; path = BookDetail.swift; sourceTree = "<group>"; };
		8A36614F28401EC800CC5557 /* Reader.swift */ = {isa = PBXFileReference; lastKnownFileType = sourcecode.swift; path = Reader.swift; sourceTree = "<group>"; };
		8A4A756A2842731500999DD2 /* BookCover.swift */ = {isa = PBXFileReference; lastKnownFileType = sourcecode.swift; path = BookCover.swift; sourceTree = "<group>"; };
		8A60802E2840196B00F230F5 /* DataService.swift */ = {isa = PBXFileReference; lastKnownFileType = sourcecode.swift; path = DataService.swift; sourceTree = "<group>"; };
/* End PBXFileReference section */

/* Begin PBXFrameworksBuildPhase section */
		8A248C3D283D4FFF00641A82 /* Frameworks */ = {
			isa = PBXFrameworksBuildPhase;
			buildActionMask = 2147483647;
			files = (
			);
			runOnlyForDeploymentPostprocessing = 0;
		};
/* End PBXFrameworksBuildPhase section */

/* Begin PBXGroup section */
		8A248C37283D4FFF00641A82 = {
			isa = PBXGroup;
			children = (
				8A248C42283D4FFF00641A82 /* Library */,
				8A248C41283D4FFF00641A82 /* Products */,
			);
			sourceTree = "<group>";
		};
		8A248C41283D4FFF00641A82 /* Products */ = {
			isa = PBXGroup;
			children = (
				8A248C40283D4FFF00641A82 /* Library.app */,
			);
			name = Products;
			sourceTree = "<group>";
		};
		8A248C42283D4FFF00641A82 /* Library */ = {
			isa = PBXGroup;
			children = (
				8A248C43283D4FFF00641A82 /* LibraryApp.swift */,
				8A248C57283D50D700641A82 /* Views */,
				8A248C56283D50D200641A82 /* ViewModels */,
				8A248C55283D50CD00641A82 /* Models */,
				8A248C53283D50B700641A82 /* Services */,
				8A248C52283D50B000641A82 /* Data */,
				8A248C51283D50A300641A82 /* Utilities */,
				8A248C47283D500100641A82 /* Assets.xcassets */,
				8A248C49283D500100641A82 /* Preview Content */,
			);
			path = Library;
			sourceTree = "<group>";
		};
		8A248C49283D500100641A82 /* Preview Content */ = {
			isa = PBXGroup;
			children = (
				8A248C4A283D500100641A82 /* Preview Assets.xcassets */,
			);
			path = "Preview Content";
			sourceTree = "<group>";
		};
		8A248C51283D50A300641A82 /* Utilities */ = {
			isa = PBXGroup;
			children = (
			);
			path = Utilities;
			sourceTree = "<group>";
		};
		8A248C52283D50B000641A82 /* Data */ = {
			isa = PBXGroup;
			children = (
				8A248C58283D510400641A82 /* Data.json */,
			);
			path = Data;
			sourceTree = "<group>";
		};
		8A248C53283D50B700641A82 /* Services */ = {
			isa = PBXGroup;
			children = (
				8A60802E2840196B00F230F5 /* DataService.swift */,
			);
			path = Services;
			sourceTree = "<group>";
		};
		8A248C55283D50CD00641A82 /* Models */ = {
			isa = PBXGroup;
			children = (
				8A248C64283D516E00641A82 /* Books.swift */,
			);
			path = Models;
			sourceTree = "<group>";
		};
		8A248C56283D50D200641A82 /* ViewModels */ = {
			isa = PBXGroup;
			children = (
				8A36614728401D0000CC5557 /* BooksModel.swift */,
			);
			path = ViewModels;
			sourceTree = "<group>";
		};
		8A248C57283D50D700641A82 /* Views */ = {
			isa = PBXGroup;
			children = (
				8A248C45283D4FFF00641A82 /* ContentView.swift */,
				8A36614D28401EB900CC5557 /* BookDetail.swift */,
				8A36614F28401EC800CC5557 /* Reader.swift */,
				8A4A756A2842731500999DD2 /* BookCover.swift */,
			);
			path = Views;
			sourceTree = "<group>";
		};
/* End PBXGroup section */

/* Begin PBXNativeTarget section */
		8A248C3F283D4FFF00641A82 /* Library */ = {
			isa = PBXNativeTarget;
			buildConfigurationList = 8A248C4E283D500100641A82 /* Build configuration list for PBXNativeTarget "Library" */;
			buildPhases = (
				8A248C3C283D4FFF00641A82 /* Sources */,
				8A248C3D283D4FFF00641A82 /* Frameworks */,
				8A248C3E283D4FFF00641A82 /* Resources */,
			);
			buildRules = (
			);
			dependencies = (
			);
			name = Library;
			productName = Library;
			productReference = 8A248C40283D4FFF00641A82 /* Library.app */;
			productType = "com.apple.product-type.application";
		};
/* End PBXNativeTarget section */

/* Begin PBXProject section */
		8A248C38283D4FFF00641A82 /* Project object */ = {
			isa = PBXProject;
			attributes = {
				BuildIndependentTargetsInParallel = 1;
				LastSwiftUpdateCheck = 1340;
				LastUpgradeCheck = 1340;
				TargetAttributes = {
					8A248C3F283D4FFF00641A82 = {
						CreatedOnToolsVersion = 13.4;
					};
				};
			};
			buildConfigurationList = 8A248C3B283D4FFF00641A82 /* Build configuration list for PBXProject "Library" */;
			compatibilityVersion = "Xcode 13.0";
			developmentRegion = en;
			hasScannedForEncodings = 0;
			knownRegions = (
				en,
				Base,
			);
			mainGroup = 8A248C37283D4FFF00641A82;
			productRefGroup = 8A248C41283D4FFF00641A82 /* Products */;
			projectDirPath = "";
			projectRoot = "";
			targets = (
				8A248C3F283D4FFF00641A82 /* Library */,
			);
		};
/* End PBXProject section */

/* Begin PBXResourcesBuildPhase section */
		8A248C3E283D4FFF00641A82 /* Resources */ = {
			isa = PBXResourcesBuildPhase;
			buildActionMask = 2147483647;
			files = (
				8A248C4B283D500100641A82 /* Preview Assets.xcassets in Resources */,
				8A248C48283D500100641A82 /* Assets.xcassets in Resources */,
				8A248C59283D510400641A82 /* Data.json in Resources */,
			);
			runOnlyForDeploymentPostprocessing = 0;
		};
/* End PBXResourcesBuildPhase section */

/* Begin PBXSourcesBuildPhase section */
		8A248C3C283D4FFF00641A82 /* Sources */ = {
			isa = PBXSourcesBuildPhase;
			buildActionMask = 2147483647;
			files = (
				8A36615028401EC900CC5557 /* Reader.swift in Sources */,
				8A248C65283D516E00641A82 /* Books.swift in Sources */,
				8A248C46283D4FFF00641A82 /* ContentView.swift in Sources */,
				8A248C44283D4FFF00641A82 /* LibraryApp.swift in Sources */,
				8A4A756B2842731500999DD2 /* BookCover.swift in Sources */,
				8A60802F2840196B00F230F5 /* DataService.swift in Sources */,
				8A36614828401D0000CC5557 /* BooksModel.swift in Sources */,
				8A36614E28401EB900CC5557 /* BookDetail.swift in Sources */,
			);
			runOnlyForDeploymentPostprocessing = 0;
		};
/* End PBXSourcesBuildPhase section */

/* Begin XCBuildConfiguration section */
		8A248C4C283D500100641A82 /* Debug */ = {
			isa = XCBuildConfiguration;
			buildSettings = {
				ALWAYS_SEARCH_USER_PATHS = NO;
				CLANG_ANALYZER_NONNULL = YES;
				CLANG_ANALYZER_NUMBER_OBJECT_CONVERSION = YES_AGGRESSIVE;
				CLANG_CXX_LANGUAGE_STANDARD = "gnu++17";
				CLANG_ENABLE_MODULES = YES;
				CLANG_ENABLE_OBJC_ARC = YES;
				CLANG_ENABLE_OBJC_WEAK = YES;
				CLANG_WARN_BLOCK_CAPTURE_AUTORELEASING = YES;
				CLANG_WARN_BOOL_CONVERSION = YES;
				CLANG_WARN_COMMA = YES;
				CLANG_WARN_CONSTANT_CONVERSION = YES;
				CLANG_WARN_DEPRECATED_OBJC_IMPLEMENTATIONS = YES;
				CLANG_WARN_DIRECT_OBJC_ISA_USAGE = YES_ERROR;
				CLANG_WARN_DOCUMENTATION_COMMENTS = YES;
				CLANG_WARN_EMPTY_BODY = YES;
				CLANG_WARN_ENUM_CONVERSION = YES;
				CLANG_WARN_INFINITE_RECURSION = YES;
				CLANG_WARN_INT_CONVERSION = YES;
				CLANG_WARN_NON_LITERAL_NULL_CONVERSION = YES;
				CLANG_WARN_OBJC_IMPLICIT_RETAIN_SELF = YES;
				CLANG_WARN_OBJC_LITERAL_CONVERSION = YES;
				CLANG_WARN_OBJC_ROOT_CLASS = YES_ERROR;
				CLANG_WARN_QUOTED_INCLUDE_IN_FRAMEWORK_HEADER = YES;
				CLANG_WARN_RANGE_LOOP_ANALYSIS = YES;
				CLANG_WARN_STRICT_PROTOTYPES = YES;
				CLANG_WARN_SUSPICIOUS_MOVE = YES;
				CLANG_WARN_UNGUARDED_AVAILABILITY = YES_AGGRESSIVE;
				CLANG_WARN_UNREACHABLE_CODE = YES;
				CLANG_WARN__DUPLICATE_METHOD_MATCH = YES;
				COPY_PHASE_STRIP = NO;
				DEBUG_INFORMATION_FORMAT = dwarf;
				ENABLE_STRICT_OBJC_MSGSEND = YES;
				ENABLE_TESTABILITY = YES;
				GCC_C_LANGUAGE_STANDARD = gnu11;
				GCC_DYNAMIC_NO_PIC = NO;
				GCC_NO_COMMON_BLOCKS = YES;
				GCC_OPTIMIZATION_LEVEL = 0;
				GCC_PREPROCESSOR_DEFINITIONS = (
					"DEBUG=1",
					"$(inherited)",
				);
				GCC_WARN_64_TO_32_BIT_CONVERSION = YES;
				GCC_WARN_ABOUT_RETURN_TYPE = YES_ERROR;
				GCC_WARN_UNDECLARED_SELECTOR = YES;
				GCC_WARN_UNINITIALIZED_AUTOS = YES_AGGRESSIVE;
				GCC_WARN_UNUSED_FUNCTION = YES;
				GCC_WARN_UNUSED_VARIABLE = YES;
				IPHONEOS_DEPLOYMENT_TARGET = 15.5;
				MTL_ENABLE_DEBUG_INFO = INCLUDE_SOURCE;
				MTL_FAST_MATH = YES;
				ONLY_ACTIVE_ARCH = YES;
				SDKROOT = iphoneos;
				SWIFT_ACTIVE_COMPILATION_CONDITIONS = DEBUG;
				SWIFT_OPTIMIZATION_LEVEL = "-Onone";
			};
			name = Debug;
		};
		8A248C4D283D500100641A82 /* Release */ = {
			isa = XCBuildConfiguration;
			buildSettings = {
				ALWAYS_SEARCH_USER_PATHS = NO;
				CLANG_ANALYZER_NONNULL = YES;
				CLANG_ANALYZER_NUMBER_OBJECT_CONVERSION = YES_AGGRESSIVE;
				CLANG_CXX_LANGUAGE_STANDARD = "gnu++17";
				CLANG_ENABLE_MODULES = YES;
				CLANG_ENABLE_OBJC_ARC = YES;
				CLANG_ENABLE_OBJC_WEAK = YES;
				CLANG_WARN_BLOCK_CAPTURE_AUTORELEASING = YES;
				CLANG_WARN_BOOL_CONVERSION = YES;
				CLANG_WARN_COMMA = YES;
				CLANG_WARN_CONSTANT_CONVERSION = YES;
				CLANG_WARN_DEPRECATED_OBJC_IMPLEMENTATIONS = YES;
				CLANG_WARN_DIRECT_OBJC_ISA_USAGE = YES_ERROR;
				CLANG_WARN_DOCUMENTATION_COMMENTS = YES;
				CLANG_WARN_EMPTY_BODY = YES;
				CLANG_WARN_ENUM_CONVERSION = YES;
				CLANG_WARN_INFINITE_RECURSION = YES;
				CLANG_WARN_INT_CONVERSION = YES;
				CLANG_WARN_NON_LITERAL_NULL_CONVERSION = YES;
				CLANG_WARN_OBJC_IMPLICIT_RETAIN_SELF = YES;
				CLANG_WARN_OBJC_LITERAL_CONVERSION = YES;
				CLANG_WARN_OBJC_ROOT_CLASS = YES_ERROR;
				CLANG_WARN_QUOTED_INCLUDE_IN_FRAMEWORK_HEADER = YES;
				CLANG_WARN_RANGE_LOOP_ANALYSIS = YES;
				CLANG_WARN_STRICT_PROTOTYPES = YES;
				CLANG_WARN_SUSPICIOUS_MOVE = YES;
				CLANG_WARN_UNGUARDED_AVAILABILITY = YES_AGGRESSIVE;
				CLANG_WARN_UNREACHABLE_CODE = YES;
				CLANG_WARN__DUPLICATE_METHOD_MATCH = YES;
				COPY_PHASE_STRIP = NO;
				DEBUG_INFORMATION_FORMAT = "dwarf-with-dsym";
				ENABLE_NS_ASSERTIONS = NO;
				ENABLE_STRICT_OBJC_MSGSEND = YES;
				GCC_C_LANGUAGE_STANDARD = gnu11;
				GCC_NO_COMMON_BLOCKS = YES;
				GCC_WARN_64_TO_32_BIT_CONVERSION = YES;
				GCC_WARN_ABOUT_RETURN_TYPE = YES_ERROR;
				GCC_WARN_UNDECLARED_SELECTOR = YES;
				GCC_WARN_UNINITIALIZED_AUTOS = YES_AGGRESSIVE;
				GCC_WARN_UNUSED_FUNCTION = YES;
				GCC_WARN_UNUSED_VARIABLE = YES;
				IPHONEOS_DEPLOYMENT_TARGET = 15.5;
				MTL_ENABLE_DEBUG_INFO = NO;
				MTL_FAST_MATH = YES;
				SDKROOT = iphoneos;
				SWIFT_COMPILATION_MODE = wholemodule;
				SWIFT_OPTIMIZATION_LEVEL = "-O";
				VALIDATE_PRODUCT = YES;
			};
			name = Release;
		};
		8A248C4F283D500100641A82 /* Debug */ = {
			isa = XCBuildConfiguration;
			buildSettings = {
				ASSETCATALOG_COMPILER_APPICON_NAME = AppIcon;
				ASSETCATALOG_COMPILER_GLOBAL_ACCENT_COLOR_NAME = AccentColor;
				CODE_SIGN_STYLE = Automatic;
				CURRENT_PROJECT_VERSION = 1;
				DEVELOPMENT_ASSET_PATHS = "\"Library/Preview Content\"";
				DEVELOPMENT_TEAM = SLJ2XDWUW2;
				ENABLE_PREVIEWS = YES;
				GENERATE_INFOPLIST_FILE = YES;
				INFOPLIST_KEY_UIApplicationSceneManifest_Generation = YES;
				INFOPLIST_KEY_UIApplicationSupportsIndirectInputEvents = YES;
				INFOPLIST_KEY_UILaunchScreen_Generation = YES;
				INFOPLIST_KEY_UISupportedInterfaceOrientations_iPad = "UIInterfaceOrientationPortrait UIInterfaceOrientationPortraitUpsideDown UIInterfaceOrientationLandscapeLeft UIInterfaceOrientationLandscapeRight";
				INFOPLIST_KEY_UISupportedInterfaceOrientations_iPhone = "UIInterfaceOrientationPortrait UIInterfaceOrientationLandscapeLeft UIInterfaceOrientationLandscapeRight";
				LD_RUNPATH_SEARCH_PATHS = (
					"$(inherited)",
					"@executable_path/Frameworks",
				);
				MARKETING_VERSION = 1.0;
				PRODUCT_BUNDLE_IDENTIFIER = com.AlbertoMadueno.Library;
				PRODUCT_NAME = "$(TARGET_NAME)";
				SWIFT_EMIT_LOC_STRINGS = YES;
				SWIFT_VERSION = 5.0;
				TARGETED_DEVICE_FAMILY = "1,2";
			};
			name = Debug;
		};
		8A248C50283D500100641A82 /* Release */ = {
			isa = XCBuildConfiguration;
			buildSettings = {
				ASSETCATALOG_COMPILER_APPICON_NAME = AppIcon;
				ASSETCATALOG_COMPILER_GLOBAL_ACCENT_COLOR_NAME = AccentColor;
				CODE_SIGN_STYLE = Automatic;
				CURRENT_PROJECT_VERSION = 1;
				DEVELOPMENT_ASSET_PATHS = "\"Library/Preview Content\"";
				DEVELOPMENT_TEAM = SLJ2XDWUW2;
				ENABLE_PREVIEWS = YES;
				GENERATE_INFOPLIST_FILE = YES;
				INFOPLIST_KEY_UIApplicationSceneManifest_Generation = YES;
				INFOPLIST_KEY_UIApplicationSupportsIndirectInputEvents = YES;
				INFOPLIST_KEY_UILaunchScreen_Generation = YES;
				INFOPLIST_KEY_UISupportedInterfaceOrientations_iPad = "UIInterfaceOrientationPortrait UIInterfaceOrientationPortraitUpsideDown UIInterfaceOrientationLandscapeLeft UIInterfaceOrientationLandscapeRight";
				INFOPLIST_KEY_UISupportedInterfaceOrientations_iPhone = "UIInterfaceOrientationPortrait UIInterfaceOrientationLandscapeLeft UIInterfaceOrientationLandscapeRight";
				LD_RUNPATH_SEARCH_PATHS = (
					"$(inherited)",
					"@executable_path/Frameworks",
				);
				MARKETING_VERSION = 1.0;
				PRODUCT_BUNDLE_IDENTIFIER = com.AlbertoMadueno.Library;
				PRODUCT_NAME = "$(TARGET_NAME)";
				SWIFT_EMIT_LOC_STRINGS = YES;
				SWIFT_VERSION = 5.0;
				TARGETED_DEVICE_FAMILY = "1,2";
			};
			name = Release;
		};
/* End XCBuildConfiguration section */

/* Begin XCConfigurationList section */
		8A248C3B283D4FFF00641A82 /* Build configuration list for PBXProject "Library" */ = {
			isa = XCConfigurationList;
			buildConfigurations = (
				8A248C4C283D500100641A82 /* Debug */,
				8A248C4D283D500100641A82 /* Release */,
			);
			defaultConfigurationIsVisible = 0;
			defaultConfigurationName = Release;
		};
		8A248C4E283D500100641A82 /* Build configuration list for PBXNativeTarget "Library" */ = {
			isa = XCConfigurationList;
			buildConfigurations = (
				8A248C4F283D500100641A82 /* Debug */,
				8A248C50283D500100641A82 /* Release */,
			);
			defaultConfigurationIsVisible = 0;
			defaultConfigurationName = Release;
		};
/* End XCConfigurationList section */
	};
	rootObject = 8A248C38283D4FFF00641A82 /* Project object */;
}
